
Microsoft Visual Studio Solution File, Format Version 12.00
# Visual Studio 15
VisualStudioVersion = 15.0.27130.2010
MinimumVisualStudioVersion = 10.0.40219.1
Project("{9A19103F-16F7-4668-BE54-9A1E7A4F7556}") = "Problems", "Problems\Problems.csproj", "{224C19B6-9A40-42E0-858C-477478051F31}"
EndProject
Project("{FAE04EC0-301F-11D3-BF4B-00C04F79EFBC}") = "Problems.Tests", "Problems.Tests\Problems.Tests.csproj", "{142BDBC3-9A4D-48C6-A9BD-2607144EA140}"
EndProject
Global
	GlobalSection(SolutionConfigurationPlatforms) = preSolution
		Debug|Any CPU = Debug|Any CPU
		Release|Any CPU = Release|Any CPU
	EndGlobalSection
	GlobalSection(ProjectConfigurationPlatforms) = postSolution
		{224C19B6-9A40-42E0-858C-477478051F31}.Debug|Any CPU.ActiveCfg = Debug|Any CPU
		{224C19B6-9A40-42E0-858C-477478051F31}.Debug|Any CPU.Build.0 = Debug|Any CPU
		{224C19B6-9A40-42E0-858C-477478051F31}.Release|Any CPU.ActiveCfg = Release|Any CPU
		{224C19B6-9A40-42E0-858C-477478051F31}.Release|Any CPU.Build.0 = Release|Any CPU
		{142BDBC3-9A4D-48C6-A9BD-2607144EA140}.Debug|Any CPU.ActiveCfg = Debug|Any CPU
		{142BDBC3-9A4D-48C6-A9BD-2607144EA140}.Debug|Any CPU.Build.0 = Debug|Any CPU
		{142BDBC3-9A4D-48C6-A9BD-2607144EA140}.Release|Any CPU.ActiveCfg = Release|Any CPU
		{142BDBC3-9A4D-48C6-A9BD-2607144EA140}.Release|Any CPU.Build.0 = Release|Any CPU
	EndGlobalSection
	GlobalSection(SolutionProperties) = preSolution
		HideSolutionNode = FALSE
	EndGlobalSection
	GlobalSection(ExtensibilityGlobals) = postSolution
		SolutionGuid = {50B03871-5857-43B6-B183-B1693D6FB241}
	EndGlobalSection
EndGlobal
